
Microsoft Visual Studio Solution File, Format Version 12.00
# Visual Studio Version 17
VisualStudioVersion = 17.12.35514.174
MinimumVisualStudioVersion = 10.0.40219.1
Project("{FAE04EC0-301F-11D3-BF4B-00C04F79EFBC}") = "Database", "Database\Database.csproj", "{3B6C11F1-D5A7-440F-8711-52D992674674}"
EndProject
Project("{FAE04EC0-301F-11D3-BF4B-00C04F79EFBC}") = "Business", "Business\Business.csproj", "{FE3FD34F-A93D-435E-874F-6B499842F43F}"
EndProject
Project("{2150E333-8FDC-42A3-9474-1A3956D46DE8}") = "Presentation", "Presentation", "{1424887B-FE9B-48D6-B479-B033AB619BC4}"
EndProject
Project("{FAE04EC0-301F-11D3-BF4B-00C04F79EFBC}") = "WPF", "WPF\WPF.csproj", "{722982BE-3B6E-4B8A-9D9C-605684199FC8}"
EndProject
Project("{FAE04EC0-301F-11D3-BF4B-00C04F79EFBC}") = "WEB", "WEB\WEB.csproj", "{A43340D5-CE4C-4427-8964-B1F7EB9C5E11}"
EndProject
Project("{FAE04EC0-301F-11D3-BF4B-00C04F79EFBC}") = "API", "API\API.csproj", "{204C1716-CDAA-408C-9162-D18BE4F5A7B8}"
EndProject
Project("{2150E333-8FDC-42A3-9474-1A3956D46DE8}") = "DbTest", "DbTest", "{FD6B3052-9365-4735-B661-102AADDAE14E}"
EndProject
Project("{FAE04EC0-301F-11D3-BF4B-00C04F79EFBC}") = "DbTest", "DbTest\DbTest.csproj", "{FA3685D4-B4CE-42DF-A59D-0769CD9D5514}"
EndProject
Global
	GlobalSection(SolutionConfigurationPlatforms) = preSolution
		Debug|Any CPU = Debug|Any CPU
		Release|Any CPU = Release|Any CPU
	EndGlobalSection
	GlobalSection(ProjectConfigurationPlatforms) = postSolution
		{3B6C11F1-D5A7-440F-8711-52D992674674}.Debug|Any CPU.ActiveCfg = Debug|Any CPU
		{3B6C11F1-D5A7-440F-8711-52D992674674}.Debug|Any CPU.Build.0 = Debug|Any CPU
		{3B6C11F1-D5A7-440F-8711-52D992674674}.Release|Any CPU.ActiveCfg = Release|Any CPU
		{3B6C11F1-D5A7-440F-8711-52D992674674}.Release|Any CPU.Build.0 = Release|Any CPU
		{FE3FD34F-A93D-435E-874F-6B499842F43F}.Debug|Any CPU.ActiveCfg = Debug|Any CPU
		{FE3FD34F-A93D-435E-874F-6B499842F43F}.Debug|Any CPU.Build.0 = Debug|Any CPU
		{FE3FD34F-A93D-435E-874F-6B499842F43F}.Release|Any CPU.ActiveCfg = Release|Any CPU
		{FE3FD34F-A93D-435E-874F-6B499842F43F}.Release|Any CPU.Build.0 = Release|Any CPU
		{722982BE-3B6E-4B8A-9D9C-605684199FC8}.Debug|Any CPU.ActiveCfg = Debug|Any CPU
		{722982BE-3B6E-4B8A-9D9C-605684199FC8}.Debug|Any CPU.Build.0 = Debug|Any CPU
		{722982BE-3B6E-4B8A-9D9C-605684199FC8}.Release|Any CPU.ActiveCfg = Release|Any CPU
		{722982BE-3B6E-4B8A-9D9C-605684199FC8}.Release|Any CPU.Build.0 = Release|Any CPU
		{A43340D5-CE4C-4427-8964-B1F7EB9C5E11}.Debug|Any CPU.ActiveCfg = Debug|Any CPU
		{A43340D5-CE4C-4427-8964-B1F7EB9C5E11}.Debug|Any CPU.Build.0 = Debug|Any CPU
		{A43340D5-CE4C-4427-8964-B1F7EB9C5E11}.Release|Any CPU.ActiveCfg = Release|Any CPU
		{A43340D5-CE4C-4427-8964-B1F7EB9C5E11}.Release|Any CPU.Build.0 = Release|Any CPU
		{204C1716-CDAA-408C-9162-D18BE4F5A7B8}.Debug|Any CPU.ActiveCfg = Debug|Any CPU
		{204C1716-CDAA-408C-9162-D18BE4F5A7B8}.Debug|Any CPU.Build.0 = Debug|Any CPU
		{204C1716-CDAA-408C-9162-D18BE4F5A7B8}.Release|Any CPU.ActiveCfg = Release|Any CPU
		{204C1716-CDAA-408C-9162-D18BE4F5A7B8}.Release|Any CPU.Build.0 = Release|Any CPU
		{FA3685D4-B4CE-42DF-A59D-0769CD9D5514}.Debug|Any CPU.ActiveCfg = Debug|Any CPU
		{FA3685D4-B4CE-42DF-A59D-0769CD9D5514}.Debug|Any CPU.Build.0 = Debug|Any CPU
		{FA3685D4-B4CE-42DF-A59D-0769CD9D5514}.Release|Any CPU.ActiveCfg = Release|Any CPU
		{FA3685D4-B4CE-42DF-A59D-0769CD9D5514}.Release|Any CPU.Build.0 = Release|Any CPU
	EndGlobalSection
	GlobalSection(SolutionProperties) = preSolution
		HideSolutionNode = FALSE
	EndGlobalSection
	GlobalSection(NestedProjects) = preSolution
		{722982BE-3B6E-4B8A-9D9C-605684199FC8} = {1424887B-FE9B-48D6-B479-B033AB619BC4}
		{A43340D5-CE4C-4427-8964-B1F7EB9C5E11} = {1424887B-FE9B-48D6-B479-B033AB619BC4}
		{204C1716-CDAA-408C-9162-D18BE4F5A7B8} = {1424887B-FE9B-48D6-B479-B033AB619BC4}
		{FA3685D4-B4CE-42DF-A59D-0769CD9D5514} = {FD6B3052-9365-4735-B661-102AADDAE14E}
	EndGlobalSection
EndGlobal
